
Microsoft Visual Studio Solution File, Format Version 12.00
# Visual Studio Version 17
VisualStudioVersion = 17.10.35013.160
MinimumVisualStudioVersion = 10.0.40219.1
Project("{FAE04EC0-301F-11D3-BF4B-00C04F79EFBC}") = "KF_BH_etelbesorolas", "KF_BH_etelbesorolas.csproj", "{D794EDAA-04D8-48AF-B0CA-2B9CAA2B77BC}"
EndProject
Global
	GlobalSection(SolutionConfigurationPlatforms) = preSolution
		Debug|Any CPU = Debug|Any CPU
		Release|Any CPU = Release|Any CPU
	EndGlobalSection
	GlobalSection(ProjectConfigurationPlatforms) = postSolution
		{D794EDAA-04D8-48AF-B0CA-2B9CAA2B77BC}.Debug|Any CPU.ActiveCfg = Debug|Any CPU
		{D794EDAA-04D8-48AF-B0CA-2B9CAA2B77BC}.Debug|Any CPU.Build.0 = Debug|Any CPU
		{D794EDAA-04D8-48AF-B0CA-2B9CAA2B77BC}.Release|Any CPU.ActiveCfg = Release|Any CPU
		{D794EDAA-04D8-48AF-B0CA-2B9CAA2B77BC}.Release|Any CPU.Build.0 = Release|Any CPU
	EndGlobalSection
	GlobalSection(SolutionProperties) = preSolution
		HideSolutionNode = FALSE
	EndGlobalSection
	GlobalSection(ExtensibilityGlobals) = postSolution
		SolutionGuid = {33B6F35B-42AA-460B-A8BA-F19F580FF9E1}
	EndGlobalSection
EndGlobal
